// !$*UTF8*$!
{
	archiveVersion = 1;
	classes = {
	};
	objectVersion = 56;
	objects = {

/* Begin PBXBuildFile section */
		4C4322352A726045000687D0 /* KittyApp.swift in Sources */ = {isa = PBXBuildFile; fileRef = 4C4322342A726045000687D0 /* KittyApp.swift */; };
		4C4322372A726045000687D0 /* MainView.swift in Sources */ = {isa = PBXBuildFile; fileRef = 4C4322362A726045000687D0 /* MainView.swift */; };
		4C4322392A726047000687D0 /* Assets.xcassets in Resources */ = {isa = PBXBuildFile; fileRef = 4C4322382A726047000687D0 /* Assets.xcassets */; };
		4C43223C2A726048000687D0 /* Preview Assets.xcassets in Resources */ = {isa = PBXBuildFile; fileRef = 4C43223B2A726048000687D0 /* Preview Assets.xcassets */; };
		4C4322432A726314000687D0 /* SOSView.swift in Sources */ = {isa = PBXBuildFile; fileRef = 4C4322422A726314000687D0 /* SOSView.swift */; };
		4C8E08EE2A7C019B006B5509 /* ExternalLinks.swift in Sources */ = {isa = PBXBuildFile; fileRef = 4C8E08ED2A7C019B006B5509 /* ExternalLinks.swift */; };
		4C8E08F02A7C01E3006B5509 /* Settings.swift in Sources */ = {isa = PBXBuildFile; fileRef = 4C8E08EF2A7C01E3006B5509 /* Settings.swift */; };
		4CBE95B02A76597800F9CC4D /* MoreMenu.swift in Sources */ = {isa = PBXBuildFile; fileRef = 4CBE95AF2A76597800F9CC4D /* MoreMenu.swift */; };
/* End PBXBuildFile section */

/* Begin PBXFileReference section */
		4C4322312A726045000687D0 /* Kitty.app */ = {isa = PBXFileReference; explicitFileType = wrapper.application; includeInIndex = 0; path = Kitty.app; sourceTree = BUILT_PRODUCTS_DIR; };
		4C4322342A726045000687D0 /* KittyApp.swift */ = {isa = PBXFileReference; lastKnownFileType = sourcecode.swift; path = KittyApp.swift; sourceTree = "<group>"; };
		4C4322362A726045000687D0 /* MainView.swift */ = {isa = PBXFileReference; lastKnownFileType = sourcecode.swift; path = MainView.swift; sourceTree = "<group>"; };
		4C4322382A726047000687D0 /* Assets.xcassets */ = {isa = PBXFileReference; lastKnownFileType = folder.assetcatalog; path = Assets.xcassets; sourceTree = "<group>"; };
		4C43223B2A726048000687D0 /* Preview Assets.xcassets */ = {isa = PBXFileReference; lastKnownFileType = folder.assetcatalog; path = "Preview Assets.xcassets"; sourceTree = "<group>"; };
		4C4322422A726314000687D0 /* SOSView.swift */ = {isa = PBXFileReference; lastKnownFileType = sourcecode.swift; path = SOSView.swift; sourceTree = "<group>"; };
		4C8E08ED2A7C019B006B5509 /* ExternalLinks.swift */ = {isa = PBXFileReference; lastKnownFileType = sourcecode.swift; path = ExternalLinks.swift; sourceTree = "<group>"; };
		4C8E08EF2A7C01E3006B5509 /* Settings.swift */ = {isa = PBXFileReference; lastKnownFileType = sourcecode.swift; path = Settings.swift; sourceTree = "<group>"; };
		4CBE95AF2A76597800F9CC4D /* MoreMenu.swift */ = {isa = PBXFileReference; lastKnownFileType = sourcecode.swift; path = MoreMenu.swift; sourceTree = "<group>"; };
/* End PBXFileReference section */

/* Begin PBXFrameworksBuildPhase section */
		4C43222E2A726045000687D0 /* Frameworks */ = {
			isa = PBXFrameworksBuildPhase;
			buildActionMask = 2147483647;
			files = (
			);
			runOnlyForDeploymentPostprocessing = 0;
		};
/* End PBXFrameworksBuildPhase section */

/* Begin PBXGroup section */
		4C2422012A753D2D0054B93B /* View */ = {
			isa = PBXGroup;
			children = (
				4C4322422A726314000687D0 /* SOSView.swift */,
				4CBE95AF2A76597800F9CC4D /* MoreMenu.swift */,
				4C8E08ED2A7C019B006B5509 /* ExternalLinks.swift */,
				4C8E08EF2A7C01E3006B5509 /* Settings.swift */,
			);
			path = View;
			sourceTree = "<group>";
		};
		4C2422022A753D4B0054B93B /* Model */ = {
			isa = PBXGroup;
			children = (
				4C4322362A726045000687D0 /* MainView.swift */,
			);
			path = Model;
			sourceTree = "<group>";
		};
		4C2422032A753D730054B93B /* Controller */ = {
			isa = PBXGroup;
			children = (
				4C4322342A726045000687D0 /* KittyApp.swift */,
			);
			path = Controller;
			sourceTree = "<group>";
		};
		4C4322282A726045000687D0 = {
			isa = PBXGroup;
			children = (
				4C4322332A726045000687D0 /* Kitty */,
				4C4322322A726045000687D0 /* Products */,
			);
			sourceTree = "<group>";
		};
		4C4322322A726045000687D0 /* Products */ = {
			isa = PBXGroup;
			children = (
				4C4322312A726045000687D0 /* Kitty.app */,
			);
			name = Products;
			sourceTree = "<group>";
		};
		4C4322332A726045000687D0 /* Kitty */ = {
			isa = PBXGroup;
			children = (
				4C2422032A753D730054B93B /* Controller */,
				4C2422022A753D4B0054B93B /* Model */,
				4C2422012A753D2D0054B93B /* View */,
				4C4322382A726047000687D0 /* Assets.xcassets */,
				4C43223A2A726048000687D0 /* Preview Content */,
			);
			path = Kitty;
			sourceTree = "<group>";
		};
		4C43223A2A726048000687D0 /* Preview Content */ = {
			isa = PBXGroup;
			children = (
				4C43223B2A726048000687D0 /* Preview Assets.xcassets */,
			);
			path = "Preview Content";
			sourceTree = "<group>";
		};
/* End PBXGroup section */

/* Begin PBXNativeTarget section */
		4C4322302A726045000687D0 /* Kitty */ = {
			isa = PBXNativeTarget;
			buildConfigurationList = 4C43223F2A726048000687D0 /* Build configuration list for PBXNativeTarget "Kitty" */;
			buildPhases = (
				4C43222D2A726045000687D0 /* Sources */,
				4C43222E2A726045000687D0 /* Frameworks */,
				4C43222F2A726045000687D0 /* Resources */,
			);
			buildRules = (
			);
			dependencies = (
			);
			name = Kitty;
			productName = Kitty;
			productReference = 4C4322312A726045000687D0 /* Kitty.app */;
			productType = "com.apple.product-type.application";
		};
/* End PBXNativeTarget section */

/* Begin PBXProject section */
		4C4322292A726045000687D0 /* Project object */ = {
			isa = PBXProject;
			attributes = {
				BuildIndependentTargetsInParallel = 1;
				LastSwiftUpdateCheck = 1420;
				LastUpgradeCheck = 1420;
				TargetAttributes = {
					4C4322302A726045000687D0 = {
						CreatedOnToolsVersion = 14.2;
					};
				};
			};
			buildConfigurationList = 4C43222C2A726045000687D0 /* Build configuration list for PBXProject "Kitty" */;
			compatibilityVersion = "Xcode 14.0";
			developmentRegion = en;
			hasScannedForEncodings = 0;
			knownRegions = (
				en,
				Base,
			);
			mainGroup = 4C4322282A726045000687D0;
			productRefGroup = 4C4322322A726045000687D0 /* Products */;
			projectDirPath = "";
			projectRoot = "";
			targets = (
				4C4322302A726045000687D0 /* Kitty */,
			);
		};
/* End PBXProject section */

/* Begin PBXResourcesBuildPhase section */
		4C43222F2A726045000687D0 /* Resources */ = {
			isa = PBXResourcesBuildPhase;
			buildActionMask = 2147483647;
			files = (
				4C43223C2A726048000687D0 /* Preview Assets.xcassets in Resources */,
				4C4322392A726047000687D0 /* Assets.xcassets in Resources */,
			);
			runOnlyForDeploymentPostprocessing = 0;
		};
/* End PBXResourcesBuildPhase section */

/* Begin PBXSourcesBuildPhase section */
		4C43222D2A726045000687D0 /* Sources */ = {
			isa = PBXSourcesBuildPhase;
			buildActionMask = 2147483647;
			files = (
				4C8E08F02A7C01E3006B5509 /* Settings.swift in Sources */,
				4C8E08EE2A7C019B006B5509 /* ExternalLinks.swift in Sources */,
				4C4322372A726045000687D0 /* MainView.swift in Sources */,
				4CBE95B02A76597800F9CC4D /* MoreMenu.swift in Sources */,
				4C4322432A726314000687D0 /* SOSView.swift in Sources */,
				4C4322352A726045000687D0 /* KittyApp.swift in Sources */,
			);
			runOnlyForDeploymentPostprocessing = 0;
		};
/* End PBXSourcesBuildPhase section */

/* Begin XCBuildConfiguration section */
		4C43223D2A726048000687D0 /* Debug */ = {
			isa = XCBuildConfiguration;
			buildSettings = {
				ALWAYS_SEARCH_USER_PATHS = NO;
				CLANG_ANALYZER_NONNULL = YES;
				CLANG_ANALYZER_NUMBER_OBJECT_CONVERSION = YES_AGGRESSIVE;
				CLANG_CXX_LANGUAGE_STANDARD = "gnu++20";
				CLANG_ENABLE_MODULES = YES;
				CLANG_ENABLE_OBJC_ARC = YES;
				CLANG_ENABLE_OBJC_WEAK = YES;
				CLANG_WARN_BLOCK_CAPTURE_AUTORELEASING = YES;
				CLANG_WARN_BOOL_CONVERSION = YES;
				CLANG_WARN_COMMA = YES;
				CLANG_WARN_CONSTANT_CONVERSION = YES;
				CLANG_WARN_DEPRECATED_OBJC_IMPLEMENTATIONS = YES;
				CLANG_WARN_DIRECT_OBJC_ISA_USAGE = YES_ERROR;
				CLANG_WARN_DOCUMENTATION_COMMENTS = YES;
				CLANG_WARN_EMPTY_BODY = YES;
				CLANG_WARN_ENUM_CONVERSION = YES;
				CLANG_WARN_INFINITE_RECURSION = YES;
				CLANG_WARN_INT_CONVERSION = YES;
				CLANG_WARN_NON_LITERAL_NULL_CONVERSION = YES;
				CLANG_WARN_OBJC_IMPLICIT_RETAIN_SELF = YES;
				CLANG_WARN_OBJC_LITERAL_CONVERSION = YES;
				CLANG_WARN_OBJC_ROOT_CLASS = YES_ERROR;
				CLANG_WARN_QUOTED_INCLUDE_IN_FRAMEWORK_HEADER = YES;
				CLANG_WARN_RANGE_LOOP_ANALYSIS = YES;
				CLANG_WARN_STRICT_PROTOTYPES = YES;
				CLANG_WARN_SUSPICIOUS_MOVE = YES;
				CLANG_WARN_UNGUARDED_AVAILABILITY = YES_AGGRESSIVE;
				CLANG_WARN_UNREACHABLE_CODE = YES;
				CLANG_WARN__DUPLICATE_METHOD_MATCH = YES;
				COPY_PHASE_STRIP = NO;
				DEBUG_INFORMATION_FORMAT = dwarf;
				ENABLE_STRICT_OBJC_MSGSEND = YES;
				ENABLE_TESTABILITY = YES;
				GCC_C_LANGUAGE_STANDARD = gnu11;
				GCC_DYNAMIC_NO_PIC = NO;
				GCC_NO_COMMON_BLOCKS = YES;
				GCC_OPTIMIZATION_LEVEL = 0;
				GCC_PREPROCESSOR_DEFINITIONS = (
					"DEBUG=1",
					"$(inherited)",
				);
				GCC_WARN_64_TO_32_BIT_CONVERSION = YES;
				GCC_WARN_ABOUT_RETURN_TYPE = YES_ERROR;
				GCC_WARN_UNDECLARED_SELECTOR = YES;
				GCC_WARN_UNINITIALIZED_AUTOS = YES_AGGRESSIVE;
				GCC_WARN_UNUSED_FUNCTION = YES;
				GCC_WARN_UNUSED_VARIABLE = YES;
				IPHONEOS_DEPLOYMENT_TARGET = 16.2;
				MTL_ENABLE_DEBUG_INFO = INCLUDE_SOURCE;
				MTL_FAST_MATH = YES;
				ONLY_ACTIVE_ARCH = YES;
				SDKROOT = iphoneos;
				SWIFT_ACTIVE_COMPILATION_CONDITIONS = DEBUG;
				SWIFT_OPTIMIZATION_LEVEL = "-Onone";
			};
			name = Debug;
		};
		4C43223E2A726048000687D0 /* Release */ = {
			isa = XCBuildConfiguration;
			buildSettings = {
				ALWAYS_SEARCH_USER_PATHS = NO;
				CLANG_ANALYZER_NONNULL = YES;
				CLANG_ANALYZER_NUMBER_OBJECT_CONVERSION = YES_AGGRESSIVE;
				CLANG_CXX_LANGUAGE_STANDARD = "gnu++20";
				CLANG_ENABLE_MODULES = YES;
				CLANG_ENABLE_OBJC_ARC = YES;
				CLANG_ENABLE_OBJC_WEAK = YES;
				CLANG_WARN_BLOCK_CAPTURE_AUTORELEASING = YES;
				CLANG_WARN_BOOL_CONVERSION = YES;
				CLANG_WARN_COMMA = YES;
				CLANG_WARN_CONSTANT_CONVERSION = YES;
				CLANG_WARN_DEPRECATED_OBJC_IMPLEMENTATIONS = YES;
				CLANG_WARN_DIRECT_OBJC_ISA_USAGE = YES_ERROR;
				CLANG_WARN_DOCUMENTATION_COMMENTS = YES;
				CLANG_WARN_EMPTY_BODY = YES;
				CLANG_WARN_ENUM_CONVERSION = YES;
				CLANG_WARN_INFINITE_RECURSION = YES;
				CLANG_WARN_INT_CONVERSION = YES;
				CLANG_WARN_NON_LITERAL_NULL_CONVERSION = YES;
				CLANG_WARN_OBJC_IMPLICIT_RETAIN_SELF = YES;
				CLANG_WARN_OBJC_LITERAL_CONVERSION = YES;
				CLANG_WARN_OBJC_ROOT_CLASS = YES_ERROR;
				CLANG_WARN_QUOTED_INCLUDE_IN_FRAMEWORK_HEADER = YES;
				CLANG_WARN_RANGE_LOOP_ANALYSIS = YES;
				CLANG_WARN_STRICT_PROTOTYPES = YES;
				CLANG_WARN_SUSPICIOUS_MOVE = YES;
				CLANG_WARN_UNGUARDED_AVAILABILITY = YES_AGGRESSIVE;
				CLANG_WARN_UNREACHABLE_CODE = YES;
				CLANG_WARN__DUPLICATE_METHOD_MATCH = YES;
				COPY_PHASE_STRIP = NO;
				DEBUG_INFORMATION_FORMAT = "dwarf-with-dsym";
				ENABLE_NS_ASSERTIONS = NO;
				ENABLE_STRICT_OBJC_MSGSEND = YES;
				GCC_C_LANGUAGE_STANDARD = gnu11;
				GCC_NO_COMMON_BLOCKS = YES;
				GCC_WARN_64_TO_32_BIT_CONVERSION = YES;
				GCC_WARN_ABOUT_RETURN_TYPE = YES_ERROR;
				GCC_WARN_UNDECLARED_SELECTOR = YES;
				GCC_WARN_UNINITIALIZED_AUTOS = YES_AGGRESSIVE;
				GCC_WARN_UNUSED_FUNCTION = YES;
				GCC_WARN_UNUSED_VARIABLE = YES;
				IPHONEOS_DEPLOYMENT_TARGET = 16.2;
				MTL_ENABLE_DEBUG_INFO = NO;
				MTL_FAST_MATH = YES;
				SDKROOT = iphoneos;
				SWIFT_COMPILATION_MODE = wholemodule;
				SWIFT_OPTIMIZATION_LEVEL = "-O";
				VALIDATE_PRODUCT = YES;
			};
			name = Release;
		};
		4C4322402A726048000687D0 /* Debug */ = {
			isa = XCBuildConfiguration;
			buildSettings = {
				ASSETCATALOG_COMPILER_APPICON_NAME = AppIcon;
				ASSETCATALOG_COMPILER_GLOBAL_ACCENT_COLOR_NAME = AccentColor;
				CODE_SIGN_STYLE = Automatic;
				CURRENT_PROJECT_VERSION = 1;
				DEVELOPMENT_ASSET_PATHS = "\"Kitty/Preview Content\"";
				ENABLE_PREVIEWS = YES;
				GENERATE_INFOPLIST_FILE = YES;
				INFOPLIST_KEY_UIApplicationSceneManifest_Generation = YES;
				INFOPLIST_KEY_UIApplicationSupportsIndirectInputEvents = YES;
				INFOPLIST_KEY_UILaunchScreen_Generation = YES;
				INFOPLIST_KEY_UISupportedInterfaceOrientations_iPad = "UIInterfaceOrientationPortrait UIInterfaceOrientationPortraitUpsideDown UIInterfaceOrientationLandscapeLeft UIInterfaceOrientationLandscapeRight";
				INFOPLIST_KEY_UISupportedInterfaceOrientations_iPhone = "UIInterfaceOrientationPortrait UIInterfaceOrientationLandscapeLeft UIInterfaceOrientationLandscapeRight";
				LD_RUNPATH_SEARCH_PATHS = (
					"$(inherited)",
					"@executable_path/Frameworks",
				);
				MARKETING_VERSION = 1.0;
				PRODUCT_BUNDLE_IDENTIFIER = Luca.Kitty;
				PRODUCT_NAME = "$(TARGET_NAME)";
				SWIFT_EMIT_LOC_STRINGS = YES;
				SWIFT_VERSION = 5.0;
				TARGETED_DEVICE_FAMILY = "1,2";
			};
			name = Debug;
		};
		4C4322412A726048000687D0 /* Release */ = {
			isa = XCBuildConfiguration;
			buildSettings = {
				ASSETCATALOG_COMPILER_APPICON_NAME = AppIcon;
				ASSETCATALOG_COMPILER_GLOBAL_ACCENT_COLOR_NAME = AccentColor;
				CODE_SIGN_STYLE = Automatic;
				CURRENT_PROJECT_VERSION = 1;
				DEVELOPMENT_ASSET_PATHS = "\"Kitty/Preview Content\"";
				ENABLE_PREVIEWS = YES;
				GENERATE_INFOPLIST_FILE = YES;
				INFOPLIST_KEY_UIApplicationSceneManifest_Generation = YES;
				INFOPLIST_KEY_UIApplicationSupportsIndirectInputEvents = YES;
				INFOPLIST_KEY_UILaunchScreen_Generation = YES;
				INFOPLIST_KEY_UISupportedInterfaceOrientations_iPad = "UIInterfaceOrientationPortrait UIInterfaceOrientationPortraitUpsideDown UIInterfaceOrientationLandscapeLeft UIInterfaceOrientationLandscapeRight";
				INFOPLIST_KEY_UISupportedInterfaceOrientations_iPhone = "UIInterfaceOrientationPortrait UIInterfaceOrientationLandscapeLeft UIInterfaceOrientationLandscapeRight";
				LD_RUNPATH_SEARCH_PATHS = (
					"$(inherited)",
					"@executable_path/Frameworks",
				);
				MARKETING_VERSION = 1.0;
				PRODUCT_BUNDLE_IDENTIFIER = Luca.Kitty;
				PRODUCT_NAME = "$(TARGET_NAME)";
				SWIFT_EMIT_LOC_STRINGS = YES;
				SWIFT_VERSION = 5.0;
				TARGETED_DEVICE_FAMILY = "1,2";
			};
			name = Release;
		};
/* End XCBuildConfiguration section */

/* Begin XCConfigurationList section */
		4C43222C2A726045000687D0 /* Build configuration list for PBXProject "Kitty" */ = {
			isa = XCConfigurationList;
			buildConfigurations = (
				4C43223D2A726048000687D0 /* Debug */,
				4C43223E2A726048000687D0 /* Release */,
			);
			defaultConfigurationIsVisible = 0;
			defaultConfigurationName = Release;
		};
		4C43223F2A726048000687D0 /* Build configuration list for PBXNativeTarget "Kitty" */ = {
			isa = XCConfigurationList;
			buildConfigurations = (
				4C4322402A726048000687D0 /* Debug */,
				4C4322412A726048000687D0 /* Release */,
			);
			defaultConfigurationIsVisible = 0;
			defaultConfigurationName = Release;
		};
/* End XCConfigurationList section */
	};
	rootObject = 4C4322292A726045000687D0 /* Project object */;
}
