// !$*UTF8*$!
{
	archiveVersion = 1;
	classes = {};
	objectVersion = 77;
	objects = {

/* Begin PBXBuildFile section */
		AA00000000000000000060 /* KittyApp.swift in Sources */ = {isa = PBXBuildFile; fileRef = AA00000000000000000050 /* KittyApp.swift */; };
		AA00000000000000000061 /* RegionDetection.swift in Sources */ = {isa = PBXBuildFile; fileRef = AA00000000000000000051 /* RegionDetection.swift */; };
		AA00000000000000000062 /* DeviceBattery.swift in Sources */ = {isa = PBXBuildFile; fileRef = AA00000000000000000052 /* DeviceBattery.swift */; };
		AA00000000000000000063 /* Assets.xcassets in Resources */ = {isa = PBXBuildFile; fileRef = AA00000000000000000053 /* Assets.xcassets */; };
		AA00000000000000000064 /* PrivacyInfo.xcprivacy in Resources */ = {isa = PBXBuildFile; fileRef = AA00000000000000000054 /* PrivacyInfo.xcprivacy */; };
		AA000000000000000000801 /* SafetyDomain in Frameworks */ = {isa = PBXBuildFile; productRef = AA00000000000000000080 /* SafetyDomain */; };
		AA000000000000000000811 /* SafetyContent in Frameworks */ = {isa = PBXBuildFile; productRef = AA00000000000000000081 /* SafetyContent */; };
		AA000000000000000000821 /* SafetyServices in Frameworks */ = {isa = PBXBuildFile; productRef = AA00000000000000000082 /* SafetyServices */; };
		AA000000000000000000831 /* SafetyUI in Frameworks */ = {isa = PBXBuildFile; productRef = AA00000000000000000083 /* SafetyUI */; };
		AA00000000000000000066 /* SystemContact.swift in Sources */ = {isa = PBXBuildFile; fileRef = AA00000000000000000056 /* SystemContact.swift */; };
		AA00000000000000000065 /* CoreLocationProvider.swift in Sources */ = {isa = PBXBuildFile; fileRef = AA00000000000000000055 /* CoreLocationProvider.swift */; };
		AA00000000000000000067 /* Presenter.swift in Sources */ = {isa = PBXBuildFile; fileRef = AA00000000000000000057 /* Presenter.swift */; };
		AA00000000000000000068 /* SystemMessageComposer.swift in Sources */ = {isa = PBXBuildFile; fileRef = AA00000000000000000058 /* SystemMessageComposer.swift */; };
		AA00000000000000000069 /* SystemContactPicker.swift in Sources */ = {isa = PBXBuildFile; fileRef = AA00000000000000000059 /* SystemContactPicker.swift */; };
		AA0000000000000000006A /* UITestSupport.swift in Sources */ = {isa = PBXBuildFile; fileRef = AA0000000000000000005A /* UITestSupport.swift */; };
		AA0000000000000000006B /* MapKitAdapters.swift in Sources */ = {isa = PBXBuildFile; fileRef = AA0000000000000000005B /* MapKitAdapters.swift */; };
		AA00000000000000000099 /* HelpCallTests.swift in Sources */ = {isa = PBXBuildFile; fileRef = AA00000000000000000098 /* HelpCallTests.swift */; };
		AA0000000000000000009D /* AlertFlowTests.swift in Sources */ = {isa = PBXBuildFile; fileRef = AA0000000000000000009C /* AlertFlowTests.swift */; };
		AA0000000000000000009F /* XCUIApplication+Kitty.swift in Sources */ = {isa = PBXBuildFile; fileRef = AA0000000000000000009E /* XCUIApplication+Kitty.swift */; };
/* End PBXBuildFile section */

/* Begin PBXContainerItemProxy section */
		AA0000000000000000009B /* PBXContainerItemProxy */ = {
			isa = PBXContainerItemProxy;
			containerPortal = AA00000000000000000001 /* Project object */;
			proxyType = 1;
			remoteGlobalIDString = AA00000000000000000010;
			remoteInfo = Kitty;
		};
/* End PBXContainerItemProxy section */

/* Begin PBXFileReference section */
		AA00000000000000000011 /* Kitty.app */ = {isa = PBXFileReference; explicitFileType = wrapper.application; includeInIndex = 0; path = Kitty.app; sourceTree = BUILT_PRODUCTS_DIR; };
		AA00000000000000000041 /* Shared.xcconfig */ = {isa = PBXFileReference; lastKnownFileType = text.xcconfig; path = Shared.xcconfig; sourceTree = "<group>"; };
		AA00000000000000000042 /* Info.plist */ = {isa = PBXFileReference; lastKnownFileType = text.plist.xml; path = Info.plist; sourceTree = "<group>"; };
		AA00000000000000000050 /* KittyApp.swift */ = {isa = PBXFileReference; lastKnownFileType = sourcecode.swift; path = KittyApp.swift; sourceTree = "<group>"; };
		AA00000000000000000051 /* RegionDetection.swift */ = {isa = PBXFileReference; lastKnownFileType = sourcecode.swift; path = RegionDetection.swift; sourceTree = "<group>"; };
		AA00000000000000000052 /* DeviceBattery.swift */ = {isa = PBXFileReference; lastKnownFileType = sourcecode.swift; path = DeviceBattery.swift; sourceTree = "<group>"; };
		AA00000000000000000053 /* Assets.xcassets */ = {isa = PBXFileReference; lastKnownFileType = folder.assetcatalog; path = Assets.xcassets; sourceTree = "<group>"; };
		AA00000000000000000054 /* PrivacyInfo.xcprivacy */ = {isa = PBXFileReference; lastKnownFileType = text.plist.xml; path = PrivacyInfo.xcprivacy; sourceTree = "<group>"; };
		AA00000000000000000056 /* SystemContact.swift */ = {isa = PBXFileReference; lastKnownFileType = sourcecode.swift; path = SystemContact.swift; sourceTree = "<group>"; };
		AA00000000000000000055 /* CoreLocationProvider.swift */ = {isa = PBXFileReference; lastKnownFileType = sourcecode.swift; path = CoreLocationProvider.swift; sourceTree = "<group>"; };
		AA00000000000000000057 /* Presenter.swift */ = {isa = PBXFileReference; lastKnownFileType = sourcecode.swift; path = Presenter.swift; sourceTree = "<group>"; };
		AA00000000000000000058 /* SystemMessageComposer.swift */ = {isa = PBXFileReference; lastKnownFileType = sourcecode.swift; path = SystemMessageComposer.swift; sourceTree = "<group>"; };
		AA00000000000000000059 /* SystemContactPicker.swift */ = {isa = PBXFileReference; lastKnownFileType = sourcecode.swift; path = SystemContactPicker.swift; sourceTree = "<group>"; };
		AA0000000000000000005A /* UITestSupport.swift */ = {isa = PBXFileReference; lastKnownFileType = sourcecode.swift; path = UITestSupport.swift; sourceTree = "<group>"; };
		AA0000000000000000005B /* MapKitAdapters.swift */ = {isa = PBXFileReference; lastKnownFileType = sourcecode.swift; path = MapKitAdapters.swift; sourceTree = "<group>"; };
		AA00000000000000000098 /* HelpCallTests.swift */ = {isa = PBXFileReference; lastKnownFileType = sourcecode.swift; path = HelpCallTests.swift; sourceTree = "<group>"; };
		AA0000000000000000009C /* AlertFlowTests.swift */ = {isa = PBXFileReference; lastKnownFileType = sourcecode.swift; path = AlertFlowTests.swift; sourceTree = "<group>"; };
		AA0000000000000000009E /* XCUIApplication+Kitty.swift */ = {isa = PBXFileReference; lastKnownFileType = sourcecode.swift; path = "XCUIApplication+Kitty.swift"; sourceTree = "<group>"; };
		AA00000000000000000091 /* KittyUITests.xctest */ = {isa = PBXFileReference; explicitFileType = wrapper.cfbundle; includeInIndex = 0; path = KittyUITests.xctest; sourceTree = BUILT_PRODUCTS_DIR; };
/* End PBXFileReference section */

/* Begin PBXFrameworksBuildPhase section */
		AA00000000000000000021 /* Frameworks */ = {
			isa = PBXFrameworksBuildPhase;
			buildActionMask = 2147483647;
			files = (
				AA000000000000000000801 /* SafetyDomain in Frameworks */,
				AA000000000000000000811 /* SafetyContent in Frameworks */,
				AA000000000000000000821 /* SafetyServices in Frameworks */,
				AA000000000000000000831 /* SafetyUI in Frameworks */,
			);
			runOnlyForDeploymentPostprocessing = 0;
		};
		AA00000000000000000093 /* Frameworks */ = {
			isa = PBXFrameworksBuildPhase;
			buildActionMask = 2147483647;
			files = (
			);
			runOnlyForDeploymentPostprocessing = 0;
		};
/* End PBXFrameworksBuildPhase section */

/* Begin PBXGroup section */
		AA00000000000000000002 = {
			isa = PBXGroup;
			children = (
				AA00000000000000000005 /* Config */,
				AA00000000000000000004 /* Kitty */,
				AA00000000000000000097 /* UITests */,
				AA00000000000000000003 /* Products */,
			);
			sourceTree = "<group>";
		};
		AA00000000000000000005 /* Config */ = {
			isa = PBXGroup;
			children = (
				AA00000000000000000041 /* Shared.xcconfig */,
			);
			path = Config;
			sourceTree = "<group>";
		};
		AA00000000000000000004 /* Kitty */ = {
			isa = PBXGroup;
			children = (
				AA00000000000000000050 /* KittyApp.swift */,
				AA00000000000000000051 /* RegionDetection.swift */,
				AA00000000000000000052 /* DeviceBattery.swift */,
				AA00000000000000000056 /* SystemContact.swift */,
				AA00000000000000000055 /* CoreLocationProvider.swift */,
				AA00000000000000000057 /* Presenter.swift */,
				AA00000000000000000058 /* SystemMessageComposer.swift */,
				AA00000000000000000059 /* SystemContactPicker.swift */,
				AA0000000000000000005A /* UITestSupport.swift */,
				AA0000000000000000005B /* MapKitAdapters.swift */,
				AA00000000000000000053 /* Assets.xcassets */,
				AA00000000000000000054 /* PrivacyInfo.xcprivacy */,
				AA00000000000000000042 /* Info.plist */,
			);
			path = App/Kitty;
			sourceTree = "<group>";
		};
		AA00000000000000000003 /* Products */ = {
			isa = PBXGroup;
			children = (
				AA00000000000000000011 /* Kitty.app */,
				AA00000000000000000091 /* KittyUITests.xctest */,
			);
			name = Products;
			sourceTree = "<group>";
		};
		AA00000000000000000097 /* UITests */ = {
			isa = PBXGroup;
			children = (
				AA00000000000000000098 /* HelpCallTests.swift */,
				AA0000000000000000009C /* AlertFlowTests.swift */,
				AA0000000000000000009E /* XCUIApplication+Kitty.swift */,
			);
			path = UITests;
			sourceTree = "<group>";
		};
/* End PBXGroup section */

/* Begin PBXNativeTarget section */
		AA00000000000000000010 /* Kitty */ = {
			isa = PBXNativeTarget;
			buildConfigurationList = AA00000000000000000031;
			buildPhases = (
				AA00000000000000000020,
				AA00000000000000000021,
				AA00000000000000000022,
			);
			buildRules = ();
			dependencies = ();
			name = Kitty;
			packageProductDependencies = (
				AA00000000000000000080 /* SafetyDomain */,
				AA00000000000000000081 /* SafetyContent */,
				AA00000000000000000082 /* SafetyServices */,
				AA00000000000000000083 /* SafetyUI */,
			);
			productName = Kitty;
			productReference = AA00000000000000000011 /* Kitty.app */;
			productType = "com.apple.product-type.application";
		};
		AA00000000000000000090 /* KittyUITests */ = {
			isa = PBXNativeTarget;
			buildConfigurationList = AA00000000000000000094;
			buildPhases = (
				AA00000000000000000092,
				AA00000000000000000093,
			);
			buildRules = ();
			dependencies = (
				AA0000000000000000009A,
			);
			name = KittyUITests;
			productName = KittyUITests;
			productReference = AA00000000000000000091 /* KittyUITests.xctest */;
			productType = "com.apple.product-type.bundle.ui-testing";
		};
/* End PBXNativeTarget section */

/* Begin PBXProject section */
		AA00000000000000000001 /* Project object */ = {
			isa = PBXProject;
			attributes = {
				BuildIndependentTargetsInParallel = 1;
				LastSwiftUpdateCheck = 2700;
				LastUpgradeCheck = 2700;
			};
			buildConfigurationList = AA00000000000000000030;
			developmentRegion = en;
			hasScannedForEncodings = 0;
			knownRegions = (
				en,
				Base,
			);
			mainGroup = AA00000000000000000002;
			minimizedProjectReferenceProxies = 1;
			packageReferences = (
				AA00000000000000000070 /* XCLocalSwiftPackageReference "Packages/SafetyDomain" */,
				AA00000000000000000071 /* XCLocalSwiftPackageReference "Packages/SafetyContent" */,
				AA00000000000000000072 /* XCLocalSwiftPackageReference "Packages/SafetyServices" */,
				AA00000000000000000073 /* XCLocalSwiftPackageReference "Packages/SafetyUI" */,
			);
			productRefGroup = AA00000000000000000003;
			projectDirPath = "";
			projectRoot = "";
			targets = (
				AA00000000000000000010 /* Kitty */,
				AA00000000000000000090 /* KittyUITests */,
			);
		};
/* End PBXProject section */

/* Begin PBXResourcesBuildPhase section */
		AA00000000000000000022 /* Resources */ = {
			isa = PBXResourcesBuildPhase;
			buildActionMask = 2147483647;
			files = (
				AA00000000000000000063 /* Assets.xcassets in Resources */,
				AA00000000000000000064 /* PrivacyInfo.xcprivacy in Resources */,
			);
			runOnlyForDeploymentPostprocessing = 0;
		};
/* End PBXResourcesBuildPhase section */

/* Begin PBXSourcesBuildPhase section */
		AA00000000000000000020 /* Sources */ = {
			isa = PBXSourcesBuildPhase;
			buildActionMask = 2147483647;
			files = (
				AA00000000000000000060 /* KittyApp.swift in Sources */,
				AA00000000000000000061 /* RegionDetection.swift in Sources */,
				AA00000000000000000062 /* DeviceBattery.swift in Sources */,
				AA00000000000000000066 /* SystemContact.swift in Sources */,
				AA00000000000000000065 /* CoreLocationProvider.swift in Sources */,
				AA00000000000000000067 /* Presenter.swift in Sources */,
				AA00000000000000000068 /* SystemMessageComposer.swift in Sources */,
				AA00000000000000000069 /* SystemContactPicker.swift in Sources */,
				AA0000000000000000006A /* UITestSupport.swift in Sources */,
				AA0000000000000000006B /* MapKitAdapters.swift in Sources */,
			);
			runOnlyForDeploymentPostprocessing = 0;
		};
		AA00000000000000000092 /* Sources */ = {
			isa = PBXSourcesBuildPhase;
			buildActionMask = 2147483647;
			files = (
				AA00000000000000000099 /* HelpCallTests.swift in Sources */,
				AA0000000000000000009D /* AlertFlowTests.swift in Sources */,
				AA0000000000000000009F /* XCUIApplication+Kitty.swift in Sources */,
			);
			runOnlyForDeploymentPostprocessing = 0;
		};
/* End PBXSourcesBuildPhase section */

/* Begin PBXTargetDependency section */
		AA0000000000000000009A /* PBXTargetDependency */ = {
			isa = PBXTargetDependency;
			target = AA00000000000000000010 /* Kitty */;
			targetProxy = AA0000000000000000009B /* PBXContainerItemProxy */;
		};
/* End PBXTargetDependency section */

/* Begin XCBuildConfiguration section */
		AA00000000000000000032 /* Debug */ = {
			isa = XCBuildConfiguration;
			baseConfigurationReference = AA00000000000000000041 /* Shared.xcconfig */;
			buildSettings = {
				ALWAYS_SEARCH_USER_PATHS = NO;
				CLANG_ENABLE_MODULES = YES;
				ENABLE_STRICT_OBJC_MSGSEND = YES;
				SWIFT_EMIT_LOC_STRINGS = YES;
				SWIFT_OPTIMIZATION_LEVEL = "-Onone";
				SWIFT_ACTIVE_COMPILATION_CONDITIONS = "DEBUG $(inherited)";
				ONLY_ACTIVE_ARCH = YES;
				ENABLE_TESTABILITY = YES;
				GCC_OPTIMIZATION_LEVEL = 0;
			};
			name = Debug;
		};
		AA00000000000000000033 /* Release */ = {
			isa = XCBuildConfiguration;
			baseConfigurationReference = AA00000000000000000041 /* Shared.xcconfig */;
			buildSettings = {
				ALWAYS_SEARCH_USER_PATHS = NO;
				CLANG_ENABLE_MODULES = YES;
				ENABLE_STRICT_OBJC_MSGSEND = YES;
				SWIFT_EMIT_LOC_STRINGS = YES;
				SWIFT_OPTIMIZATION_LEVEL = "-O";
				SWIFT_COMPILATION_MODE = wholemodule;
				VALIDATE_PRODUCT = YES;
			};
			name = Release;
		};
		AA00000000000000000034 /* Debug */ = {
			isa = XCBuildConfiguration;
			baseConfigurationReference = AA00000000000000000041 /* Shared.xcconfig */;
			buildSettings = {
				CODE_SIGN_ENTITLEMENTS = "";
				GENERATE_INFOPLIST_FILE = NO;
			};
			name = Debug;
		};
		AA00000000000000000035 /* Release */ = {
			isa = XCBuildConfiguration;
			baseConfigurationReference = AA00000000000000000041 /* Shared.xcconfig */;
			buildSettings = {
				CODE_SIGN_ENTITLEMENTS = "";
				GENERATE_INFOPLIST_FILE = NO;
			};
			name = Release;
		};
		AA00000000000000000095 /* Debug */ = {
			isa = XCBuildConfiguration;
			buildSettings = {
				CODE_SIGN_STYLE = Automatic;
				GENERATE_INFOPLIST_FILE = YES;
				IPHONEOS_DEPLOYMENT_TARGET = 26.0;
				PRODUCT_BUNDLE_IDENTIFIER = uk.co.example.safety.uitests;
				PRODUCT_NAME = "$(TARGET_NAME)";
				SDKROOT = iphoneos;
				SWIFT_DEFAULT_ACTOR_ISOLATION = nonisolated;
				SWIFT_VERSION = 6.0;
				TARGETED_DEVICE_FAMILY = 1;
				TEST_TARGET_NAME = Kitty;
			};
			name = Debug;
		};
		AA00000000000000000096 /* Release */ = {
			isa = XCBuildConfiguration;
			buildSettings = {
				CODE_SIGN_STYLE = Automatic;
				GENERATE_INFOPLIST_FILE = YES;
				IPHONEOS_DEPLOYMENT_TARGET = 26.0;
				PRODUCT_BUNDLE_IDENTIFIER = uk.co.example.safety.uitests;
				PRODUCT_NAME = "$(TARGET_NAME)";
				SDKROOT = iphoneos;
				SWIFT_DEFAULT_ACTOR_ISOLATION = nonisolated;
				SWIFT_VERSION = 6.0;
				TARGETED_DEVICE_FAMILY = 1;
				TEST_TARGET_NAME = Kitty;
			};
			name = Release;
		};
/* End XCBuildConfiguration section */

/* Begin XCConfigurationList section */
		AA00000000000000000030 /* Build configuration list for PBXProject "Kitty" */ = {
			isa = XCConfigurationList;
			buildConfigurations = (
				AA00000000000000000032 /* Debug */,
				AA00000000000000000033 /* Release */,
			);
			defaultConfigurationIsVisible = 0;
			defaultConfigurationName = Release;
		};
		AA00000000000000000031 /* Build configuration list for PBXNativeTarget "Kitty" */ = {
			isa = XCConfigurationList;
			buildConfigurations = (
				AA00000000000000000034 /* Debug */,
				AA00000000000000000035 /* Release */,
			);
			defaultConfigurationIsVisible = 0;
			defaultConfigurationName = Release;
		};
		AA00000000000000000094 /* Build configuration list for PBXNativeTarget "KittyUITests" */ = {
			isa = XCConfigurationList;
			buildConfigurations = (
				AA00000000000000000095 /* Debug */,
				AA00000000000000000096 /* Release */,
			);
			defaultConfigurationIsVisible = 0;
			defaultConfigurationName = Release;
		};
/* End XCConfigurationList section */

/* Begin XCLocalSwiftPackageReference section */
		AA00000000000000000070 /* XCLocalSwiftPackageReference "Packages/SafetyDomain" */ = {
			isa = XCLocalSwiftPackageReference;
			relativePath = Packages/SafetyDomain;
		};
		AA00000000000000000071 /* XCLocalSwiftPackageReference "Packages/SafetyContent" */ = {
			isa = XCLocalSwiftPackageReference;
			relativePath = Packages/SafetyContent;
		};
		AA00000000000000000072 /* XCLocalSwiftPackageReference "Packages/SafetyServices" */ = {
			isa = XCLocalSwiftPackageReference;
			relativePath = Packages/SafetyServices;
		};
		AA00000000000000000073 /* XCLocalSwiftPackageReference "Packages/SafetyUI" */ = {
			isa = XCLocalSwiftPackageReference;
			relativePath = Packages/SafetyUI;
		};
/* End XCLocalSwiftPackageReference section */

/* Begin XCSwiftPackageProductDependency section */
		AA00000000000000000080 /* SafetyDomain */ = {
			isa = XCSwiftPackageProductDependency;
			productName = SafetyDomain;
		};
		AA00000000000000000081 /* SafetyContent */ = {
			isa = XCSwiftPackageProductDependency;
			productName = SafetyContent;
		};
		AA00000000000000000082 /* SafetyServices */ = {
			isa = XCSwiftPackageProductDependency;
			productName = SafetyServices;
		};
		AA00000000000000000083 /* SafetyUI */ = {
			isa = XCSwiftPackageProductDependency;
			productName = SafetyUI;
		};
/* End XCSwiftPackageProductDependency section */
	};
	rootObject = AA00000000000000000001 /* Project object */;
}
